
Microsoft Visual Studio Solution File, Format Version 12.00
# Visual Studio 15
VisualStudioVersion = 15.0.28307.572
MinimumVisualStudioVersion = 10.0.40219.1
Project("{FAE04EC0-301F-11D3-BF4B-00C04F79EFBC}") = "IpInfoApp", "IpInfoApp\IpInfoApp.csproj", "{C9E180D3-07B8-42E3-A292-B16E07B438DA}"
EndProject
Global
	GlobalSection(SolutionConfigurationPlatforms) = preSolution
		Debug|Any CPU = Debug|Any CPU
		Release|Any CPU = Release|Any CPU
	EndGlobalSection
	GlobalSection(ProjectConfigurationPlatforms) = postSolution
		{C9E180D3-07B8-42E3-A292-B16E07B438DA}.Debug|Any CPU.ActiveCfg = Debug|Any CPU
		{C9E180D3-07B8-42E3-A292-B16E07B438DA}.Debug|Any CPU.Build.0 = Debug|Any CPU
		{C9E180D3-07B8-42E3-A292-B16E07B438DA}.Release|Any CPU.ActiveCfg = Release|Any CPU
		{C9E180D3-07B8-42E3-A292-B16E07B438DA}.Release|Any CPU.Build.0 = Release|Any CPU
	EndGlobalSection
	GlobalSection(SolutionProperties) = preSolution
		HideSolutionNode = FALSE
	EndGlobalSection
	GlobalSection(ExtensibilityGlobals) = postSolution
		SolutionGuid = {D93C3D56-7E36-4A99-82D0-9ADC634DB31E}
	EndGlobalSection
EndGlobal
